
Microsoft Visual Studio Solution File, Format Version 12.00
# Visual Studio Version 16
VisualStudioVersion = 16.0.30523.141
MinimumVisualStudioVersion = 10.0.40219.1
Project("{9A19103F-16F7-4668-BE54-9A1E7A4F7556}") = "ExercitiiCuNumere", "ConsoleApp1\ExercitiiCuNumere.csproj", "{B5C23606-6C2C-4117-8CAD-C168F67B8244}"
EndProject
Global
	GlobalSection(SolutionConfigurationPlatforms) = preSolution
		Debug|Any CPU = Debug|Any CPU
		Release|Any CPU = Release|Any CPU
	EndGlobalSection
	GlobalSection(ProjectConfigurationPlatforms) = postSolution
		{B5C23606-6C2C-4117-8CAD-C168F67B8244}.Debug|Any CPU.ActiveCfg = Debug|Any CPU
		{B5C23606-6C2C-4117-8CAD-C168F67B8244}.Debug|Any CPU.Build.0 = Debug|Any CPU
		{B5C23606-6C2C-4117-8CAD-C168F67B8244}.Release|Any CPU.ActiveCfg = Release|Any CPU
		{B5C23606-6C2C-4117-8CAD-C168F67B8244}.Release|Any CPU.Build.0 = Release|Any CPU
	EndGlobalSection
	GlobalSection(SolutionProperties) = preSolution
		HideSolutionNode = FALSE
	EndGlobalSection
	GlobalSection(ExtensibilityGlobals) = postSolution
		SolutionGuid = {31080FD3-FC43-4D86-B924-4ED306833F62}
	EndGlobalSection
EndGlobal
