
Microsoft Visual Studio Solution File, Format Version 12.00
# Visual Studio Version 16
VisualStudioVersion = 16.0.30523.141
MinimumVisualStudioVersion = 10.0.40219.1
Project("{FAE04EC0-301F-11D3-BF4B-00C04F79EFBC}") = "ExercitiiCuSecvente", "ExercitiiCuSecvente\ExercitiiCuSecvente.csproj", "{FFFE5752-491E-4E69-A6D1-23DA292534B0}"
EndProject
Global
	GlobalSection(SolutionConfigurationPlatforms) = preSolution
		Debug|Any CPU = Debug|Any CPU
		Release|Any CPU = Release|Any CPU
	EndGlobalSection
	GlobalSection(ProjectConfigurationPlatforms) = postSolution
		{FFFE5752-491E-4E69-A6D1-23DA292534B0}.Debug|Any CPU.ActiveCfg = Debug|Any CPU
		{FFFE5752-491E-4E69-A6D1-23DA292534B0}.Debug|Any CPU.Build.0 = Debug|Any CPU
		{FFFE5752-491E-4E69-A6D1-23DA292534B0}.Release|Any CPU.ActiveCfg = Release|Any CPU
		{FFFE5752-491E-4E69-A6D1-23DA292534B0}.Release|Any CPU.Build.0 = Release|Any CPU
	EndGlobalSection
	GlobalSection(SolutionProperties) = preSolution
		HideSolutionNode = FALSE
	EndGlobalSection
	GlobalSection(ExtensibilityGlobals) = postSolution
		SolutionGuid = {545F0381-6CE3-4BD0-80EE-F5214EFF6EDD}
	EndGlobalSection
EndGlobal
